
Microsoft Visual Studio Solution File, Format Version 12.00
# Visual Studio Version 17
VisualStudioVersion = 17.3.32929.385
MinimumVisualStudioVersion = 10.0.40219.1
Project("{9A19103F-16F7-4668-BE54-9A1E7A4F7556}") = "CollectionsVisualizer", "CollectionsVisualizer\CollectionsVisualizer.csproj", "{3630BFB0-64A2-42CA-84CB-AF142E8D3935}"
EndProject
Project("{FAE04EC0-301F-11D3-BF4B-00C04F79EFBC}") = "Test", "Test\Test.csproj", "{B25F9120-DBB9-4AB5-A643-97AF2CCB32FA}"
EndProject
Global
	GlobalSection(SolutionConfigurationPlatforms) = preSolution
		Debug|Any CPU = Debug|Any CPU
		Release|Any CPU = Release|Any CPU
	EndGlobalSection
	GlobalSection(ProjectConfigurationPlatforms) = postSolution
		{3630BFB0-64A2-42CA-84CB-AF142E8D3935}.Debug|Any CPU.ActiveCfg = Debug|Any CPU
		{3630BFB0-64A2-42CA-84CB-AF142E8D3935}.Debug|Any CPU.Build.0 = Debug|Any CPU
		{3630BFB0-64A2-42CA-84CB-AF142E8D3935}.Release|Any CPU.ActiveCfg = Release|Any CPU
		{3630BFB0-64A2-42CA-84CB-AF142E8D3935}.Release|Any CPU.Build.0 = Release|Any CPU
		{B25F9120-DBB9-4AB5-A643-97AF2CCB32FA}.Debug|Any CPU.ActiveCfg = Debug|Any CPU
		{B25F9120-DBB9-4AB5-A643-97AF2CCB32FA}.Debug|Any CPU.Build.0 = Debug|Any CPU
		{B25F9120-DBB9-4AB5-A643-97AF2CCB32FA}.Release|Any CPU.ActiveCfg = Release|Any CPU
		{B25F9120-DBB9-4AB5-A643-97AF2CCB32FA}.Release|Any CPU.Build.0 = Release|Any CPU
	EndGlobalSection
	GlobalSection(SolutionProperties) = preSolution
		HideSolutionNode = FALSE
	EndGlobalSection
	GlobalSection(ExtensibilityGlobals) = postSolution
		SolutionGuid = {05FC9618-F6D9-4C91-A728-A669384D2CCC}
	EndGlobalSection
EndGlobal
